
Microsoft Visual Studio Solution File, Format Version 12.00
# Visual Studio Version 16
VisualStudioVersion = 16.0.31129.286
MinimumVisualStudioVersion = 10.0.40219.1
Project("{FAE04EC0-301F-11D3-BF4B-00C04F79EFBC}") = "MovieApp.API", "MovieApp.API\MovieApp.API.csproj", "{77FCEE7A-277E-4817-B166-FCC9DA2311EF}"
EndProject
Project("{FAE04EC0-301F-11D3-BF4B-00C04F79EFBC}") = "MovieApp.Data", "MovieApp.Data\MovieApp.Data.csproj", "{1DA1D6D8-606B-46C1-8292-010267ACFA4A}"
EndProject
Project("{FAE04EC0-301F-11D3-BF4B-00C04F79EFBC}") = "MovieApp.Core", "MovieApp.Core\MovieApp.Core.csproj", "{2478C0BD-C4EE-48D6-8174-EFC83CFBDD65}"
EndProject
Project("{FAE04EC0-301F-11D3-BF4B-00C04F79EFBC}") = "MovieApp.Service", "MovieApp.Service\MovieApp.Service.csproj", "{DC6E211F-0513-4B00-92CD-80DD5B8DD6D3}"
EndProject
Global
	GlobalSection(SolutionConfigurationPlatforms) = preSolution
		Debug|Any CPU = Debug|Any CPU
		Release|Any CPU = Release|Any CPU
	EndGlobalSection
	GlobalSection(ProjectConfigurationPlatforms) = postSolution
		{77FCEE7A-277E-4817-B166-FCC9DA2311EF}.Debug|Any CPU.ActiveCfg = Debug|Any CPU
		{77FCEE7A-277E-4817-B166-FCC9DA2311EF}.Debug|Any CPU.Build.0 = Debug|Any CPU
		{77FCEE7A-277E-4817-B166-FCC9DA2311EF}.Release|Any CPU.ActiveCfg = Release|Any CPU
		{77FCEE7A-277E-4817-B166-FCC9DA2311EF}.Release|Any CPU.Build.0 = Release|Any CPU
		{1DA1D6D8-606B-46C1-8292-010267ACFA4A}.Debug|Any CPU.ActiveCfg = Debug|Any CPU
		{1DA1D6D8-606B-46C1-8292-010267ACFA4A}.Debug|Any CPU.Build.0 = Debug|Any CPU
		{1DA1D6D8-606B-46C1-8292-010267ACFA4A}.Release|Any CPU.ActiveCfg = Release|Any CPU
		{1DA1D6D8-606B-46C1-8292-010267ACFA4A}.Release|Any CPU.Build.0 = Release|Any CPU
		{2478C0BD-C4EE-48D6-8174-EFC83CFBDD65}.Debug|Any CPU.ActiveCfg = Debug|Any CPU
		{2478C0BD-C4EE-48D6-8174-EFC83CFBDD65}.Debug|Any CPU.Build.0 = Debug|Any CPU
		{2478C0BD-C4EE-48D6-8174-EFC83CFBDD65}.Release|Any CPU.ActiveCfg = Release|Any CPU
		{2478C0BD-C4EE-48D6-8174-EFC83CFBDD65}.Release|Any CPU.Build.0 = Release|Any CPU
		{DC6E211F-0513-4B00-92CD-80DD5B8DD6D3}.Debug|Any CPU.ActiveCfg = Debug|Any CPU
		{DC6E211F-0513-4B00-92CD-80DD5B8DD6D3}.Debug|Any CPU.Build.0 = Debug|Any CPU
		{DC6E211F-0513-4B00-92CD-80DD5B8DD6D3}.Release|Any CPU.ActiveCfg = Release|Any CPU
		{DC6E211F-0513-4B00-92CD-80DD5B8DD6D3}.Release|Any CPU.Build.0 = Release|Any CPU
	EndGlobalSection
	GlobalSection(SolutionProperties) = preSolution
		HideSolutionNode = FALSE
	EndGlobalSection
	GlobalSection(ExtensibilityGlobals) = postSolution
		SolutionGuid = {30FC096B-E797-4242-8080-317297B3F2EE}
	EndGlobalSection
EndGlobal
